
Microsoft Visual Studio Solution File, Format Version 12.00
# Visual Studio Version 17
VisualStudioVersion = 17.4.33213.308
MinimumVisualStudioVersion = 10.0.40219.1
Project("{9A19103F-16F7-4668-BE54-9A1E7A4F7556}") = "Mikoto", "Mikoto\Mikoto.csproj", "{5F985830-49EF-4EF4-8A37-9AEE99E17AD4}"
	ProjectSection(ProjectDependencies) = postProject
		{7FC86372-7856-4A67-8FA1-CA9E02C5C5E8} = {7FC86372-7856-4A67-8FA1-CA9E02C5C5E8}
	EndProjectSection
EndProject
Project("{9A19103F-16F7-4668-BE54-9A1E7A4F7556}") = "TextHookLibrary", "TextHookLibrary\TextHookLibrary.csproj", "{A976D07E-0B39-41B6-B6F7-7022BBFBD3FF}"
EndProject
Project("{9A19103F-16F7-4668-BE54-9A1E7A4F7556}") = "MecabHelperLibrary", "MecabHelperLibrary\MecabHelperLibrary.csproj", "{82FDE770-321E-4433-8E05-8803850F24DB}"
EndProject
Project("{9A19103F-16F7-4668-BE54-9A1E7A4F7556}") = "TransOptimizationLibrary", "TransOptimizationLibrary\TransOptimizationLibrary.csproj", "{A17B385F-8E6E-4B7D-B3EF-EC08C7A8D115}"
	ProjectSection(ProjectDependencies) = postProject
		{1D3DCEDC-BA8A-4B83-9A33-E8481CE5CE6C} = {1D3DCEDC-BA8A-4B83-9A33-E8481CE5CE6C}
	EndProjectSection
EndProject
Project("{9A19103F-16F7-4668-BE54-9A1E7A4F7556}") = "DictionaryHelperLibrary", "DictionaryHelperLibrary\DictionaryHelperLibrary.csproj", "{EBE31ABB-EFB0-4A46-A8E0-655F614F88D9}"
	ProjectSection(ProjectDependencies) = postProject
		{1D3DCEDC-BA8A-4B83-9A33-E8481CE5CE6C} = {1D3DCEDC-BA8A-4B83-9A33-E8481CE5CE6C}
	EndProjectSection
EndProject
Project("{9A19103F-16F7-4668-BE54-9A1E7A4F7556}") = "TTSHelperLibrary", "TTSHelperLibrary\TTSHelperLibrary.csproj", "{DD77C61B-AF8A-44BE-BAC7-745381F84753}"
EndProject
Project("{9A19103F-16F7-4668-BE54-9A1E7A4F7556}") = "ArtificialTransHelperLibrary", "ArtificialTransHelperLibrary\ArtificialTransHelperLibrary.csproj", "{A6568552-A4D0-4546-ACE5-D8A710EE7E0E}"
	ProjectSection(ProjectDependencies) = postProject
		{1D3DCEDC-BA8A-4B83-9A33-E8481CE5CE6C} = {1D3DCEDC-BA8A-4B83-9A33-E8481CE5CE6C}
	EndProjectSection
EndProject
Project("{9A19103F-16F7-4668-BE54-9A1E7A4F7556}") = "DataAccessLibrary", "DataAccessLibrary\DataAccessLibrary.csproj", "{1D3DCEDC-BA8A-4B83-9A33-E8481CE5CE6C}"
EndProject
Project("{2150E333-8FDC-42A3-9474-1A3956D46DE8}") = "解决方案项", "解决方案项", "{3B072242-9E22-4466-B6E6-0AF182FE64BB}"
	ProjectSection(SolutionItems) = preProject
		Directory.Build.props = Directory.Build.props
		Directory.Build.targets = Directory.Build.targets
		README.md = README.md
	EndProjectSection
EndProject
Project("{9A19103F-16F7-4668-BE54-9A1E7A4F7556}") = "Mikoto.Tests", "Mikoto.Tests\Mikoto.Tests.csproj", "{C35CDF1A-D6FA-4063-A9F5-0CEFF98841B9}"
EndProject
Project("{9A19103F-16F7-4668-BE54-9A1E7A4F7556}") = "LocalizationTool", "LocalizationTool\LocalizationTool.csproj", "{FF130DB9-22AF-4504-892D-73EAF0E305AE}"
EndProject
Project("{9A19103F-16F7-4668-BE54-9A1E7A4F7556}") = "Mikoto.Benchmark", "Mikoto.Benchmark\Mikoto.Benchmark.csproj", "{D281C6E7-CBEB-4322-9D24-B277161513D1}"
EndProject
Project("{9A19103F-16F7-4668-BE54-9A1E7A4F7556}") = "Updater", "Updater\Updater.csproj", "{7FC86372-7856-4A67-8FA1-CA9E02C5C5E8}"
EndProject
Global
	GlobalSection(SolutionConfigurationPlatforms) = preSolution
		Debug|Any CPU = Debug|Any CPU
		Release|Any CPU = Release|Any CPU
	EndGlobalSection
	GlobalSection(ProjectConfigurationPlatforms) = postSolution
		{5F985830-49EF-4EF4-8A37-9AEE99E17AD4}.Debug|Any CPU.ActiveCfg = Debug|Any CPU
		{5F985830-49EF-4EF4-8A37-9AEE99E17AD4}.Debug|Any CPU.Build.0 = Debug|Any CPU
		{5F985830-49EF-4EF4-8A37-9AEE99E17AD4}.Debug|Any CPU.Deploy.0 = Debug|Any CPU
		{5F985830-49EF-4EF4-8A37-9AEE99E17AD4}.Release|Any CPU.ActiveCfg = Release|Any CPU
		{5F985830-49EF-4EF4-8A37-9AEE99E17AD4}.Release|Any CPU.Build.0 = Release|Any CPU
		{5F985830-49EF-4EF4-8A37-9AEE99E17AD4}.Release|Any CPU.Deploy.0 = Release|Any CPU
		{A976D07E-0B39-41B6-B6F7-7022BBFBD3FF}.Debug|Any CPU.ActiveCfg = Debug|Any CPU
		{A976D07E-0B39-41B6-B6F7-7022BBFBD3FF}.Debug|Any CPU.Build.0 = Debug|Any CPU
		{A976D07E-0B39-41B6-B6F7-7022BBFBD3FF}.Release|Any CPU.ActiveCfg = Release|Any CPU
		{A976D07E-0B39-41B6-B6F7-7022BBFBD3FF}.Release|Any CPU.Build.0 = Release|Any CPU
		{82FDE770-321E-4433-8E05-8803850F24DB}.Debug|Any CPU.ActiveCfg = Debug|Any CPU
		{82FDE770-321E-4433-8E05-8803850F24DB}.Debug|Any CPU.Build.0 = Debug|Any CPU
		{82FDE770-321E-4433-8E05-8803850F24DB}.Release|Any CPU.ActiveCfg = Release|Any CPU
		{82FDE770-321E-4433-8E05-8803850F24DB}.Release|Any CPU.Build.0 = Release|Any CPU
		{A17B385F-8E6E-4B7D-B3EF-EC08C7A8D115}.Debug|Any CPU.ActiveCfg = Debug|Any CPU
		{A17B385F-8E6E-4B7D-B3EF-EC08C7A8D115}.Debug|Any CPU.Build.0 = Debug|Any CPU
		{A17B385F-8E6E-4B7D-B3EF-EC08C7A8D115}.Release|Any CPU.ActiveCfg = Release|Any CPU
		{A17B385F-8E6E-4B7D-B3EF-EC08C7A8D115}.Release|Any CPU.Build.0 = Release|Any CPU
		{EBE31ABB-EFB0-4A46-A8E0-655F614F88D9}.Debug|Any CPU.ActiveCfg = Debug|Any CPU
		{EBE31ABB-EFB0-4A46-A8E0-655F614F88D9}.Debug|Any CPU.Build.0 = Debug|Any CPU
		{EBE31ABB-EFB0-4A46-A8E0-655F614F88D9}.Release|Any CPU.ActiveCfg = Release|Any CPU
		{EBE31ABB-EFB0-4A46-A8E0-655F614F88D9}.Release|Any CPU.Build.0 = Release|Any CPU
		{DD77C61B-AF8A-44BE-BAC7-745381F84753}.Debug|Any CPU.ActiveCfg = Debug|Any CPU
		{DD77C61B-AF8A-44BE-BAC7-745381F84753}.Debug|Any CPU.Build.0 = Debug|Any CPU
		{DD77C61B-AF8A-44BE-BAC7-745381F84753}.Release|Any CPU.ActiveCfg = Release|Any CPU
		{DD77C61B-AF8A-44BE-BAC7-745381F84753}.Release|Any CPU.Build.0 = Release|Any CPU
		{A6568552-A4D0-4546-ACE5-D8A710EE7E0E}.Debug|Any CPU.ActiveCfg = Debug|Any CPU
		{A6568552-A4D0-4546-ACE5-D8A710EE7E0E}.Debug|Any CPU.Build.0 = Debug|Any CPU
		{A6568552-A4D0-4546-ACE5-D8A710EE7E0E}.Release|Any CPU.ActiveCfg = Release|Any CPU
		{A6568552-A4D0-4546-ACE5-D8A710EE7E0E}.Release|Any CPU.Build.0 = Release|Any CPU
		{1D3DCEDC-BA8A-4B83-9A33-E8481CE5CE6C}.Debug|Any CPU.ActiveCfg = Debug|Any CPU
		{1D3DCEDC-BA8A-4B83-9A33-E8481CE5CE6C}.Debug|Any CPU.Build.0 = Debug|Any CPU
		{1D3DCEDC-BA8A-4B83-9A33-E8481CE5CE6C}.Release|Any CPU.ActiveCfg = Release|Any CPU
		{1D3DCEDC-BA8A-4B83-9A33-E8481CE5CE6C}.Release|Any CPU.Build.0 = Release|Any CPU
		{C35CDF1A-D6FA-4063-A9F5-0CEFF98841B9}.Debug|Any CPU.ActiveCfg = Debug|Any CPU
		{C35CDF1A-D6FA-4063-A9F5-0CEFF98841B9}.Debug|Any CPU.Build.0 = Debug|Any CPU
		{C35CDF1A-D6FA-4063-A9F5-0CEFF98841B9}.Release|Any CPU.ActiveCfg = Release|Any CPU
		{C35CDF1A-D6FA-4063-A9F5-0CEFF98841B9}.Release|Any CPU.Build.0 = Release|Any CPU
		{FF130DB9-22AF-4504-892D-73EAF0E305AE}.Debug|Any CPU.ActiveCfg = Debug|Any CPU
		{FF130DB9-22AF-4504-892D-73EAF0E305AE}.Debug|Any CPU.Build.0 = Debug|Any CPU
		{FF130DB9-22AF-4504-892D-73EAF0E305AE}.Release|Any CPU.ActiveCfg = Release|Any CPU
		{FF130DB9-22AF-4504-892D-73EAF0E305AE}.Release|Any CPU.Build.0 = Release|Any CPU
		{D281C6E7-CBEB-4322-9D24-B277161513D1}.Debug|Any CPU.ActiveCfg = Debug|Any CPU
		{D281C6E7-CBEB-4322-9D24-B277161513D1}.Debug|Any CPU.Build.0 = Debug|Any CPU
		{D281C6E7-CBEB-4322-9D24-B277161513D1}.Release|Any CPU.ActiveCfg = Release|Any CPU
		{D281C6E7-CBEB-4322-9D24-B277161513D1}.Release|Any CPU.Build.0 = Release|Any CPU
		{7FC86372-7856-4A67-8FA1-CA9E02C5C5E8}.Debug|Any CPU.ActiveCfg = Debug|Any CPU
		{7FC86372-7856-4A67-8FA1-CA9E02C5C5E8}.Debug|Any CPU.Build.0 = Debug|Any CPU
		{7FC86372-7856-4A67-8FA1-CA9E02C5C5E8}.Release|Any CPU.ActiveCfg = Release|Any CPU
		{7FC86372-7856-4A67-8FA1-CA9E02C5C5E8}.Release|Any CPU.Build.0 = Release|Any CPU
	EndGlobalSection
	GlobalSection(SolutionProperties) = preSolution
		HideSolutionNode = FALSE
	EndGlobalSection
	GlobalSection(ExtensibilityGlobals) = postSolution
		SolutionGuid = {C671EE52-326B-4046-A096-7B3BD07A53D9}
	EndGlobalSection
EndGlobal
