
Microsoft Visual Studio Solution File, Format Version 12.00
# Visual Studio Version 18
VisualStudioVersion = 18.0.11205.157
MinimumVisualStudioVersion = 10.0.40219.1
Project("{9A19103F-16F7-4668-BE54-9A1E7A4F7556}") = "Mikoto", "Mikoto\Mikoto.csproj", "{5F985830-49EF-4EF4-8A37-9AEE99E17AD4}"
EndProject
Project("{9A19103F-16F7-4668-BE54-9A1E7A4F7556}") = "Mikoto.TextHook", "Mikoto.TextHook\Mikoto.TextHook.csproj", "{A976D07E-0B39-41B6-B6F7-7022BBFBD3FF}"
EndProject
Project("{9A19103F-16F7-4668-BE54-9A1E7A4F7556}") = "Mikoto.Mecab", "Mikoto.Mecab\Mikoto.Mecab.csproj", "{82FDE770-321E-4433-8E05-8803850F24DB}"
EndProject
Project("{9A19103F-16F7-4668-BE54-9A1E7A4F7556}") = "Mikoto.TransOptimization", "Mikoto.TransOptimization\Mikoto.TransOptimization.csproj", "{A17B385F-8E6E-4B7D-B3EF-EC08C7A8D115}"
	ProjectSection(ProjectDependencies) = postProject
		{1D3DCEDC-BA8A-4B83-9A33-E8481CE5CE6C} = {1D3DCEDC-BA8A-4B83-9A33-E8481CE5CE6C}
	EndProjectSection
EndProject
Project("{9A19103F-16F7-4668-BE54-9A1E7A4F7556}") = "Mikoto.Dictionary", "Mikoto.Dictionary\Mikoto.Dictionary.csproj", "{EBE31ABB-EFB0-4A46-A8E0-655F614F88D9}"
	ProjectSection(ProjectDependencies) = postProject
		{1D3DCEDC-BA8A-4B83-9A33-E8481CE5CE6C} = {1D3DCEDC-BA8A-4B83-9A33-E8481CE5CE6C}
	EndProjectSection
EndProject
Project("{9A19103F-16F7-4668-BE54-9A1E7A4F7556}") = "Mikoto.TTS", "Mikoto.TTS\Mikoto.TTS.csproj", "{DD77C61B-AF8A-44BE-BAC7-745381F84753}"
EndProject
Project("{9A19103F-16F7-4668-BE54-9A1E7A4F7556}") = "Mikoto.ArtificialTrans", "Mikoto.ArtificialTrans\Mikoto.ArtificialTrans.csproj", "{A6568552-A4D0-4546-ACE5-D8A710EE7E0E}"
	ProjectSection(ProjectDependencies) = postProject
		{1D3DCEDC-BA8A-4B83-9A33-E8481CE5CE6C} = {1D3DCEDC-BA8A-4B83-9A33-E8481CE5CE6C}
	EndProjectSection
EndProject
Project("{9A19103F-16F7-4668-BE54-9A1E7A4F7556}") = "Mikoto.DataAccess", "Mikoto.DataAccess\Mikoto.DataAccess.csproj", "{1D3DCEDC-BA8A-4B83-9A33-E8481CE5CE6C}"
EndProject
Project("{9A19103F-16F7-4668-BE54-9A1E7A4F7556}") = "Mikoto.Tests", "Mikoto.Tests\Mikoto.Tests.csproj", "{C35CDF1A-D6FA-4063-A9F5-0CEFF98841B9}"
EndProject
Project("{9A19103F-16F7-4668-BE54-9A1E7A4F7556}") = "Mikoto.LocalizationTool", "Mikoto.LocalizationTool\Mikoto.LocalizationTool.csproj", "{FF130DB9-22AF-4504-892D-73EAF0E305AE}"
EndProject
Project("{9A19103F-16F7-4668-BE54-9A1E7A4F7556}") = "Mikoto.Benchmark", "Mikoto.Benchmark\Mikoto.Benchmark.csproj", "{D281C6E7-CBEB-4322-9D24-B277161513D1}"
EndProject
Project("{2150E333-8FDC-42A3-9474-1A3956D46DE8}") = "Solution Items", "Solution Items", "{02EA681E-C7D8-13C7-8484-4AC65E1B71E8}"
	ProjectSection(SolutionItems) = preProject
		.editorconfig = .editorconfig
		README.md = README.md
	EndProjectSection
EndProject
Project("{2150E333-8FDC-42A3-9474-1A3956D46DE8}") = ".github", ".github", "{253E2034-1ACA-4E9E-9D96-BB242B7BF0C3}"
	ProjectSection(SolutionItems) = preProject
		.github\workflows\build.yml = .github\workflows\build.yml
		.github\workflows\release.yml = .github\workflows\release.yml
	EndProjectSection
EndProject
Project("{2150E333-8FDC-42A3-9474-1A3956D46DE8}") = "Build", "Build", "{34764128-9577-4B88-B233-053D94C56E1E}"
	ProjectSection(SolutionItems) = preProject
		Directory.Build.props = Directory.Build.props
		Directory.Build.targets = Directory.Build.targets
	EndProjectSection
EndProject
Project("{2150E333-8FDC-42A3-9474-1A3956D46DE8}") = "Setup", "Setup", "{726CCEC9-5E66-4620-82FC-4365F408A8A1}"
	ProjectSection(SolutionItems) = preProject
		installer.iss = installer.iss
	EndProjectSection
EndProject
Project("{FAE04EC0-301F-11D3-BF4B-00C04F79EFBC}") = "Mikoto.Core", "Mikoto.Core\Mikoto.Core.csproj", "{8F9FCF50-EE21-42FB-8274-59F95793174E}"
EndProject
Project("{FAE04EC0-301F-11D3-BF4B-00C04F79EFBC}") = "Mikoto.TextHook.Tests", "Mikoto.TextHook.Tests\Mikoto.TextHook.Tests.csproj", "{4586C5C0-BEF4-4FE1-B06B-9664237D3914}"
EndProject
Project("{FAE04EC0-301F-11D3-BF4B-00C04F79EFBC}") = "Mikoto.DataAccess.Tests", "Mikoto.DataAccess.Tests\Mikoto.DataAccess.Tests.csproj", "{B2CD49EA-E675-4EE8-B4EE-64F49C599BA8}"
EndProject
Project("{FAE04EC0-301F-11D3-BF4B-00C04F79EFBC}") = "Mikoto.Mecab.Tests", "Mikoto.Mecab.Tests\Mikoto.Mecab.Tests.csproj", "{AB495261-7879-4289-B0E7-455DC8C56262}"
EndProject
Global
	GlobalSection(SolutionConfigurationPlatforms) = preSolution
		Debug|Any CPU = Debug|Any CPU
		Release|Any CPU = Release|Any CPU
	EndGlobalSection
	GlobalSection(ProjectConfigurationPlatforms) = postSolution
		{5F985830-49EF-4EF4-8A37-9AEE99E17AD4}.Debug|Any CPU.ActiveCfg = Debug|Any CPU
		{5F985830-49EF-4EF4-8A37-9AEE99E17AD4}.Debug|Any CPU.Build.0 = Debug|Any CPU
		{5F985830-49EF-4EF4-8A37-9AEE99E17AD4}.Debug|Any CPU.Deploy.0 = Debug|Any CPU
		{5F985830-49EF-4EF4-8A37-9AEE99E17AD4}.Release|Any CPU.ActiveCfg = Release|Any CPU
		{5F985830-49EF-4EF4-8A37-9AEE99E17AD4}.Release|Any CPU.Build.0 = Release|Any CPU
		{5F985830-49EF-4EF4-8A37-9AEE99E17AD4}.Release|Any CPU.Deploy.0 = Release|Any CPU
		{A976D07E-0B39-41B6-B6F7-7022BBFBD3FF}.Debug|Any CPU.ActiveCfg = Debug|Any CPU
		{A976D07E-0B39-41B6-B6F7-7022BBFBD3FF}.Debug|Any CPU.Build.0 = Debug|Any CPU
		{A976D07E-0B39-41B6-B6F7-7022BBFBD3FF}.Release|Any CPU.ActiveCfg = Release|Any CPU
		{A976D07E-0B39-41B6-B6F7-7022BBFBD3FF}.Release|Any CPU.Build.0 = Release|Any CPU
		{82FDE770-321E-4433-8E05-8803850F24DB}.Debug|Any CPU.ActiveCfg = Debug|Any CPU
		{82FDE770-321E-4433-8E05-8803850F24DB}.Debug|Any CPU.Build.0 = Debug|Any CPU
		{82FDE770-321E-4433-8E05-8803850F24DB}.Release|Any CPU.ActiveCfg = Release|Any CPU
		{82FDE770-321E-4433-8E05-8803850F24DB}.Release|Any CPU.Build.0 = Release|Any CPU
		{A17B385F-8E6E-4B7D-B3EF-EC08C7A8D115}.Debug|Any CPU.ActiveCfg = Debug|Any CPU
		{A17B385F-8E6E-4B7D-B3EF-EC08C7A8D115}.Debug|Any CPU.Build.0 = Debug|Any CPU
		{A17B385F-8E6E-4B7D-B3EF-EC08C7A8D115}.Release|Any CPU.ActiveCfg = Release|Any CPU
		{A17B385F-8E6E-4B7D-B3EF-EC08C7A8D115}.Release|Any CPU.Build.0 = Release|Any CPU
		{EBE31ABB-EFB0-4A46-A8E0-655F614F88D9}.Debug|Any CPU.ActiveCfg = Debug|Any CPU
		{EBE31ABB-EFB0-4A46-A8E0-655F614F88D9}.Debug|Any CPU.Build.0 = Debug|Any CPU
		{EBE31ABB-EFB0-4A46-A8E0-655F614F88D9}.Release|Any CPU.ActiveCfg = Release|Any CPU
		{EBE31ABB-EFB0-4A46-A8E0-655F614F88D9}.Release|Any CPU.Build.0 = Release|Any CPU
		{DD77C61B-AF8A-44BE-BAC7-745381F84753}.Debug|Any CPU.ActiveCfg = Debug|Any CPU
		{DD77C61B-AF8A-44BE-BAC7-745381F84753}.Debug|Any CPU.Build.0 = Debug|Any CPU
		{DD77C61B-AF8A-44BE-BAC7-745381F84753}.Release|Any CPU.ActiveCfg = Release|Any CPU
		{DD77C61B-AF8A-44BE-BAC7-745381F84753}.Release|Any CPU.Build.0 = Release|Any CPU
		{A6568552-A4D0-4546-ACE5-D8A710EE7E0E}.Debug|Any CPU.ActiveCfg = Debug|Any CPU
		{A6568552-A4D0-4546-ACE5-D8A710EE7E0E}.Debug|Any CPU.Build.0 = Debug|Any CPU
		{A6568552-A4D0-4546-ACE5-D8A710EE7E0E}.Release|Any CPU.ActiveCfg = Release|Any CPU
		{A6568552-A4D0-4546-ACE5-D8A710EE7E0E}.Release|Any CPU.Build.0 = Release|Any CPU
		{1D3DCEDC-BA8A-4B83-9A33-E8481CE5CE6C}.Debug|Any CPU.ActiveCfg = Debug|Any CPU
		{1D3DCEDC-BA8A-4B83-9A33-E8481CE5CE6C}.Debug|Any CPU.Build.0 = Debug|Any CPU
		{1D3DCEDC-BA8A-4B83-9A33-E8481CE5CE6C}.Release|Any CPU.ActiveCfg = Release|Any CPU
		{1D3DCEDC-BA8A-4B83-9A33-E8481CE5CE6C}.Release|Any CPU.Build.0 = Release|Any CPU
		{C35CDF1A-D6FA-4063-A9F5-0CEFF98841B9}.Debug|Any CPU.ActiveCfg = Debug|Any CPU
		{C35CDF1A-D6FA-4063-A9F5-0CEFF98841B9}.Debug|Any CPU.Build.0 = Debug|Any CPU
		{C35CDF1A-D6FA-4063-A9F5-0CEFF98841B9}.Release|Any CPU.ActiveCfg = Release|Any CPU
		{C35CDF1A-D6FA-4063-A9F5-0CEFF98841B9}.Release|Any CPU.Build.0 = Release|Any CPU
		{FF130DB9-22AF-4504-892D-73EAF0E305AE}.Debug|Any CPU.ActiveCfg = Debug|Any CPU
		{FF130DB9-22AF-4504-892D-73EAF0E305AE}.Debug|Any CPU.Build.0 = Debug|Any CPU
		{FF130DB9-22AF-4504-892D-73EAF0E305AE}.Release|Any CPU.ActiveCfg = Release|Any CPU
		{FF130DB9-22AF-4504-892D-73EAF0E305AE}.Release|Any CPU.Build.0 = Release|Any CPU
		{D281C6E7-CBEB-4322-9D24-B277161513D1}.Debug|Any CPU.ActiveCfg = Debug|Any CPU
		{D281C6E7-CBEB-4322-9D24-B277161513D1}.Debug|Any CPU.Build.0 = Debug|Any CPU
		{D281C6E7-CBEB-4322-9D24-B277161513D1}.Release|Any CPU.ActiveCfg = Release|Any CPU
		{D281C6E7-CBEB-4322-9D24-B277161513D1}.Release|Any CPU.Build.0 = Release|Any CPU
		{8F9FCF50-EE21-42FB-8274-59F95793174E}.Debug|Any CPU.ActiveCfg = Debug|Any CPU
		{8F9FCF50-EE21-42FB-8274-59F95793174E}.Debug|Any CPU.Build.0 = Debug|Any CPU
		{8F9FCF50-EE21-42FB-8274-59F95793174E}.Release|Any CPU.ActiveCfg = Release|Any CPU
		{8F9FCF50-EE21-42FB-8274-59F95793174E}.Release|Any CPU.Build.0 = Release|Any CPU
		{4586C5C0-BEF4-4FE1-B06B-9664237D3914}.Debug|Any CPU.ActiveCfg = Debug|Any CPU
		{4586C5C0-BEF4-4FE1-B06B-9664237D3914}.Debug|Any CPU.Build.0 = Debug|Any CPU
		{4586C5C0-BEF4-4FE1-B06B-9664237D3914}.Release|Any CPU.ActiveCfg = Release|Any CPU
		{4586C5C0-BEF4-4FE1-B06B-9664237D3914}.Release|Any CPU.Build.0 = Release|Any CPU
		{B2CD49EA-E675-4EE8-B4EE-64F49C599BA8}.Debug|Any CPU.ActiveCfg = Debug|Any CPU
		{B2CD49EA-E675-4EE8-B4EE-64F49C599BA8}.Debug|Any CPU.Build.0 = Debug|Any CPU
		{B2CD49EA-E675-4EE8-B4EE-64F49C599BA8}.Release|Any CPU.ActiveCfg = Release|Any CPU
		{B2CD49EA-E675-4EE8-B4EE-64F49C599BA8}.Release|Any CPU.Build.0 = Release|Any CPU
		{AB495261-7879-4289-B0E7-455DC8C56262}.Debug|Any CPU.ActiveCfg = Debug|Any CPU
		{AB495261-7879-4289-B0E7-455DC8C56262}.Debug|Any CPU.Build.0 = Debug|Any CPU
		{AB495261-7879-4289-B0E7-455DC8C56262}.Release|Any CPU.ActiveCfg = Release|Any CPU
		{AB495261-7879-4289-B0E7-455DC8C56262}.Release|Any CPU.Build.0 = Release|Any CPU
	EndGlobalSection
	GlobalSection(SolutionProperties) = preSolution
		HideSolutionNode = FALSE
	EndGlobalSection
	GlobalSection(NestedProjects) = preSolution
		{253E2034-1ACA-4E9E-9D96-BB242B7BF0C3} = {02EA681E-C7D8-13C7-8484-4AC65E1B71E8}
		{34764128-9577-4B88-B233-053D94C56E1E} = {02EA681E-C7D8-13C7-8484-4AC65E1B71E8}
		{726CCEC9-5E66-4620-82FC-4365F408A8A1} = {02EA681E-C7D8-13C7-8484-4AC65E1B71E8}
	EndGlobalSection
	GlobalSection(ExtensibilityGlobals) = postSolution
		SolutionGuid = {C671EE52-326B-4046-A096-7B3BD07A53D9}
	EndGlobalSection
EndGlobal
